
Microsoft Visual Studio Solution File, Format Version 12.00
# Visual Studio Version 16
VisualStudioVersion = 16.0.31624.102
MinimumVisualStudioVersion = 10.0.40219.1
Project("{FAE04EC0-301F-11D3-BF4B-00C04F79EFBC}") = "StudyCharp", "StudyCharp\StudyCharp.csproj", "{13DED47B-FB9D-47CA-AFC6-D8A7EA3F87CE}"
EndProject
Global
	GlobalSection(SolutionConfigurationPlatforms) = preSolution
		Debug|Any CPU = Debug|Any CPU
		Release|Any CPU = Release|Any CPU
	EndGlobalSection
	GlobalSection(ProjectConfigurationPlatforms) = postSolution
		{13DED47B-FB9D-47CA-AFC6-D8A7EA3F87CE}.Debug|Any CPU.ActiveCfg = Debug|Any CPU
		{13DED47B-FB9D-47CA-AFC6-D8A7EA3F87CE}.Debug|Any CPU.Build.0 = Debug|Any CPU
		{13DED47B-FB9D-47CA-AFC6-D8A7EA3F87CE}.Release|Any CPU.ActiveCfg = Release|Any CPU
		{13DED47B-FB9D-47CA-AFC6-D8A7EA3F87CE}.Release|Any CPU.Build.0 = Release|Any CPU
	EndGlobalSection
	GlobalSection(SolutionProperties) = preSolution
		HideSolutionNode = FALSE
	EndGlobalSection
	GlobalSection(ExtensibilityGlobals) = postSolution
		SolutionGuid = {906704FF-86FE-44FB-937E-8B5DB822E311}
	EndGlobalSection
EndGlobal
